
Microsoft Visual Studio Solution File, Format Version 11.00
# Visual Studio 2010
Project("{E24C65DC-7377-472B-9ABA-BC803B73C61A}") = "MeezanApp", "..\..\WebSites\MeezanApp\", "{ED1AEFA7-248E-4112-8652-3F3BCFAD375D}"
	ProjectSection(WebsiteProperties) = preProject
		TargetFrameworkMoniker = ".NETFramework,Version%3Dv4.0"
		Debug.AspNetCompiler.VirtualPath = "/MeezanApp"
		Debug.AspNetCompiler.PhysicalPath = "..\..\WebSites\MeezanApp\"
		Debug.AspNetCompiler.TargetPath = "PrecompiledWeb\MeezanApp\"
		Debug.AspNetCompiler.Updateable = "true"
		Debug.AspNetCompiler.ForceOverwrite = "true"
		Debug.AspNetCompiler.FixedNames = "false"
		Debug.AspNetCompiler.Debug = "True"
		Release.AspNetCompiler.VirtualPath = "/MeezanApp"
		Release.AspNetCompiler.PhysicalPath = "..\..\WebSites\MeezanApp\"
		Release.AspNetCompiler.TargetPath = "PrecompiledWeb\MeezanApp\"
		Release.AspNetCompiler.Updateable = "true"
		Release.AspNetCompiler.ForceOverwrite = "true"
		Release.AspNetCompiler.FixedNames = "false"
		Release.AspNetCompiler.Debug = "False"
		VWDPort = "58406"
		DefaultWebSiteLanguage = "Visual C#"
	EndProjectSection
EndProject
Global
	GlobalSection(SolutionConfigurationPlatforms) = preSolution
		Debug|Any CPU = Debug|Any CPU
	EndGlobalSection
	GlobalSection(ProjectConfigurationPlatforms) = postSolution
		{ED1AEFA7-248E-4112-8652-3F3BCFAD375D}.Debug|Any CPU.ActiveCfg = Debug|Any CPU
		{ED1AEFA7-248E-4112-8652-3F3BCFAD375D}.Debug|Any CPU.Build.0 = Debug|Any CPU
	EndGlobalSection
	GlobalSection(SolutionProperties) = preSolution
		HideSolutionNode = FALSE
	EndGlobalSection
EndGlobal
